
Microsoft Visual Studio Solution File, Format Version 12.00
# Visual Studio 15
Project("{FAE04EC0-301F-11D3-BF4B-00C04F79EFBC}") = "UnityEngine.UI", "UnityEngine.UI.csproj", "{C655C754-98D6-388F-8C05-CB0F61E12E2F}"
EndProject
Project("{FAE04EC0-301F-11D3-BF4B-00C04F79EFBC}") = "UnityEngine.TestRunner", "UnityEngine.TestRunner.csproj", "{B918AA58-028D-E617-451B-D02957B2FE80}"
EndProject
Project("{FAE04EC0-301F-11D3-BF4B-00C04F79EFBC}") = "Unity.2D.Animation.Triangle.Runtime", "Unity.2D.Animation.Triangle.Runtime.csproj", "{8EBF1818-562E-3A98-FBA8-6ECA3AB56FF1}"
EndProject
Project("{FAE04EC0-301F-11D3-BF4B-00C04F79EFBC}") = "Unity.TextMeshPro", "Unity.TextMeshPro.csproj", "{A85DEBCE-326F-C979-0027-E6F5A029697D}"
EndProject
Project("{FAE04EC0-301F-11D3-BF4B-00C04F79EFBC}") = "Unity.2D.Animation.Runtime", "Unity.2D.Animation.Runtime.csproj", "{D627C4F5-3866-5CBA-0B6D-73F5FE064F3E}"
EndProject
Project("{FAE04EC0-301F-11D3-BF4B-00C04F79EFBC}") = "Unity.Timeline", "Unity.Timeline.csproj", "{EE4A4FA7-14D4-82DE-A8BD-77FD929A49F9}"
EndProject
Project("{FAE04EC0-301F-11D3-BF4B-00C04F79EFBC}") = "Unity.Mathematics", "Unity.Mathematics.csproj", "{DCFF8855-8D35-7D07-D83E-04E0FA35AA0E}"
EndProject
Project("{FAE04EC0-301F-11D3-BF4B-00C04F79EFBC}") = "Unity.2D.SpriteShape.Runtime", "Unity.2D.SpriteShape.Runtime.csproj", "{907833E2-F389-D9C2-3DDC-E9BB924150E4}"
EndProject
Project("{FAE04EC0-301F-11D3-BF4B-00C04F79EFBC}") = "Assembly-CSharp", "Assembly-CSharp.csproj", "{FD4A65F0-183F-9B01-6FDD-D96D34E458E6}"
EndProject
Project("{FAE04EC0-301F-11D3-BF4B-00C04F79EFBC}") = "Unity.2D.PixelPerfect", "Unity.2D.PixelPerfect.csproj", "{F7E5B123-CE46-8AD3-97FB-BCAD9FAB251B}"
EndProject
Project("{FAE04EC0-301F-11D3-BF4B-00C04F79EFBC}") = "Unity.InternalAPIEngineBridge.001", "Unity.InternalAPIEngineBridge.001.csproj", "{3C7884D4-3E27-328E-AAE4-5BD8F0711E10}"
EndProject
Project("{FAE04EC0-301F-11D3-BF4B-00C04F79EFBC}") = "Unity.2D.Common.Runtime", "Unity.2D.Common.Runtime.csproj", "{662EBF29-43E5-D16D-CEC5-D2B8519254B4}"
EndProject
Project("{FAE04EC0-301F-11D3-BF4B-00C04F79EFBC}") = "Unity.TextMeshPro.Editor", "Unity.TextMeshPro.Editor.csproj", "{A32F4785-6FC0-EAD0-356F-489BB8B77979}"
EndProject
Project("{FAE04EC0-301F-11D3-BF4B-00C04F79EFBC}") = "Unity.Timeline.Editor", "Unity.Timeline.Editor.csproj", "{0CDD72AD-2405-5B7F-565A-F10A0A722E52}"
EndProject
Project("{FAE04EC0-301F-11D3-BF4B-00C04F79EFBC}") = "Unity.CollabProxy.Editor", "Unity.CollabProxy.Editor.csproj", "{2D0DFC67-1D1A-7C04-29CE-9BA9406C405C}"
EndProject
Project("{FAE04EC0-301F-11D3-BF4B-00C04F79EFBC}") = "UnityEditor.TestRunner", "UnityEditor.TestRunner.csproj", "{644FEA27-39F5-461A-5476-016279FF0D42}"
EndProject
Project("{FAE04EC0-301F-11D3-BF4B-00C04F79EFBC}") = "Unity.2D.Animation.Editor", "Unity.2D.Animation.Editor.csproj", "{361F3F5E-FE04-BEB0-329C-2C097130FA1E}"
EndProject
Project("{FAE04EC0-301F-11D3-BF4B-00C04F79EFBC}") = "Unity.2D.Path.Editor", "Unity.2D.Path.Editor.csproj", "{4C86CFED-9D5E-D82F-DB4C-B7B4ED9313D0}"
EndProject
Project("{FAE04EC0-301F-11D3-BF4B-00C04F79EFBC}") = "Unity.2D.Sprite.Editor", "Unity.2D.Sprite.Editor.csproj", "{2074D699-0397-6702-6E6B-567370A86D6B}"
EndProject
Project("{FAE04EC0-301F-11D3-BF4B-00C04F79EFBC}") = "UnityEditor.UI", "UnityEditor.UI.csproj", "{E4DA004A-61A3-4C8B-FCBD-5B55D4D64A56}"
EndProject
Project("{FAE04EC0-301F-11D3-BF4B-00C04F79EFBC}") = "Unity.Rider.Editor", "Unity.Rider.Editor.csproj", "{BA35EDC0-C4D0-ABEB-DC52-81BEA7267448}"
EndProject
Project("{FAE04EC0-301F-11D3-BF4B-00C04F79EFBC}") = "Unity.2D.Tilemap.Editor", "Unity.2D.Tilemap.Editor.csproj", "{2E044931-0ADE-4944-11FE-6AED11F813D9}"
EndProject
Project("{FAE04EC0-301F-11D3-BF4B-00C04F79EFBC}") = "Unity.VisualStudio.Editor", "Unity.VisualStudio.Editor.csproj", "{FD131BD6-C073-9086-D44A-9CA14B95D8AB}"
EndProject
Project("{FAE04EC0-301F-11D3-BF4B-00C04F79EFBC}") = "Unity.2D.SpriteShape.Editor", "Unity.2D.SpriteShape.Editor.csproj", "{B2792C62-07F5-D798-AA40-0226CF1CA428}"
EndProject
Project("{FAE04EC0-301F-11D3-BF4B-00C04F79EFBC}") = "PsdPlugin", "PsdPlugin.csproj", "{8C4849D7-38A8-99C2-12CE-BFD9EBDB6438}"
EndProject
Project("{FAE04EC0-301F-11D3-BF4B-00C04F79EFBC}") = "Unity.2D.Common.Editor", "Unity.2D.Common.Editor.csproj", "{03658DFD-8509-A8D7-026D-F9250B95A828}"
EndProject
Project("{FAE04EC0-301F-11D3-BF4B-00C04F79EFBC}") = "Unity.VSCode.Editor", "Unity.VSCode.Editor.csproj", "{EB9F72D5-F3E9-81F2-4949-17FCB998732E}"
EndProject
Project("{FAE04EC0-301F-11D3-BF4B-00C04F79EFBC}") = "Unity.2D.Psdimporter.Editor", "Unity.2D.Psdimporter.Editor.csproj", "{DD5FE524-5934-5386-18BB-2E488DE18FC4}"
EndProject
Project("{FAE04EC0-301F-11D3-BF4B-00C04F79EFBC}") = "Unity.2D.PixelPerfect.Editor", "Unity.2D.PixelPerfect.Editor.csproj", "{DF726C3A-685B-4396-C092-D82CAAA970C9}"
EndProject
Project("{FAE04EC0-301F-11D3-BF4B-00C04F79EFBC}") = "Unity.Mathematics.Editor", "Unity.Mathematics.Editor.csproj", "{EA543A3A-C24A-4667-4641-BEDB3A47ACBF}"
EndProject
Project("{FAE04EC0-301F-11D3-BF4B-00C04F79EFBC}") = "Unity.InternalAPIEditorBridge.001", "Unity.InternalAPIEditorBridge.001.csproj", "{82083677-608E-CAC8-608F-ADA6FA8C2FC8}"
EndProject
Project("{FAE04EC0-301F-11D3-BF4B-00C04F79EFBC}") = "UnityEngine.UI", "UnityEngine.UI.Player.csproj", "{3A236CBD-A339-2072-0CF6-77C48C6C44D1}"
EndProject
Project("{FAE04EC0-301F-11D3-BF4B-00C04F79EFBC}") = "UnityEngine.TestRunner", "UnityEngine.TestRunner.Player.csproj", "{AD71D698-5BA0-4194-0A8E-AA4BB6A92EAD}"
EndProject
Project("{FAE04EC0-301F-11D3-BF4B-00C04F79EFBC}") = "Unity.2D.Animation.Triangle.Runtime", "Unity.2D.Animation.Triangle.Runtime.Player.csproj", "{96A539AB-1F3F-B9B6-334B-8DBB99113D7D}"
EndProject
Project("{FAE04EC0-301F-11D3-BF4B-00C04F79EFBC}") = "Unity.TextMeshPro", "Unity.TextMeshPro.Player.csproj", "{76A9FCB3-C282-09F0-6E4D-B4A6F6FF01C2}"
EndProject
Project("{FAE04EC0-301F-11D3-BF4B-00C04F79EFBC}") = "Unity.2D.Animation.Runtime", "Unity.2D.Animation.Runtime.Player.csproj", "{49F8C95E-6D23-F01C-809E-825627A79DDD}"
EndProject
Project("{FAE04EC0-301F-11D3-BF4B-00C04F79EFBC}") = "Unity.Timeline", "Unity.Timeline.Player.csproj", "{1D1AAD4F-CA4F-48A3-A1C2-7BC87FD468D0}"
EndProject
Project("{FAE04EC0-301F-11D3-BF4B-00C04F79EFBC}") = "Unity.Mathematics", "Unity.Mathematics.Player.csproj", "{EB2E2662-16CA-570D-D413-4ABA005E2BBA}"
EndProject
Project("{FAE04EC0-301F-11D3-BF4B-00C04F79EFBC}") = "Unity.2D.SpriteShape.Runtime", "Unity.2D.SpriteShape.Runtime.Player.csproj", "{1993DE2D-DEEE-64A0-0D0E-F8A37D00EDD9}"
EndProject
Project("{FAE04EC0-301F-11D3-BF4B-00C04F79EFBC}") = "Assembly-CSharp", "Assembly-CSharp.Player.csproj", "{4AD12452-FA5F-2D4B-FC56-66F62FD69FF8}"
EndProject
Project("{FAE04EC0-301F-11D3-BF4B-00C04F79EFBC}") = "Unity.2D.PixelPerfect", "Unity.2D.PixelPerfect.Player.csproj", "{EF08CF94-E030-6257-AE6C-E60CD25F6EE2}"
EndProject
Project("{FAE04EC0-301F-11D3-BF4B-00C04F79EFBC}") = "Unity.InternalAPIEngineBridge.001", "Unity.InternalAPIEngineBridge.001.Player.csproj", "{44AC6C2D-F42A-42A0-EF63-D4D307772712}"
EndProject
Project("{FAE04EC0-301F-11D3-BF4B-00C04F79EFBC}") = "Unity.2D.Common.Runtime", "Unity.2D.Common.Runtime.Player.csproj", "{AF2019A0-E655-C2B5-A281-5D998506AD85}"
EndProject
Global
	GlobalSection(SolutionConfigurationPlatforms) = preSolution
		Debug|Any CPU = Debug|Any CPU
		Release|Any CPU = Release|Any CPU
	EndGlobalSection
	GlobalSection(ProjectConfigurationPlatforms) = postSolution
		{C655C754-98D6-388F-8C05-CB0F61E12E2F}.Debug|Any CPU.ActiveCfg = Debug|Any CPU
		{C655C754-98D6-388F-8C05-CB0F61E12E2F}.Debug|Any CPU.Build.0 = Debug|Any CPU
		{C655C754-98D6-388F-8C05-CB0F61E12E2F}.Release|Any CPU.ActiveCfg = Release|Any CPU
		{C655C754-98D6-388F-8C05-CB0F61E12E2F}.Release|Any CPU.Build.0 = Release|Any CPU
		{B918AA58-028D-E617-451B-D02957B2FE80}.Debug|Any CPU.ActiveCfg = Debug|Any CPU
		{B918AA58-028D-E617-451B-D02957B2FE80}.Debug|Any CPU.Build.0 = Debug|Any CPU
		{B918AA58-028D-E617-451B-D02957B2FE80}.Release|Any CPU.ActiveCfg = Release|Any CPU
		{B918AA58-028D-E617-451B-D02957B2FE80}.Release|Any CPU.Build.0 = Release|Any CPU
		{8EBF1818-562E-3A98-FBA8-6ECA3AB56FF1}.Debug|Any CPU.ActiveCfg = Debug|Any CPU
		{8EBF1818-562E-3A98-FBA8-6ECA3AB56FF1}.Debug|Any CPU.Build.0 = Debug|Any CPU
		{8EBF1818-562E-3A98-FBA8-6ECA3AB56FF1}.Release|Any CPU.ActiveCfg = Release|Any CPU
		{8EBF1818-562E-3A98-FBA8-6ECA3AB56FF1}.Release|Any CPU.Build.0 = Release|Any CPU
		{A85DEBCE-326F-C979-0027-E6F5A029697D}.Debug|Any CPU.ActiveCfg = Debug|Any CPU
		{A85DEBCE-326F-C979-0027-E6F5A029697D}.Debug|Any CPU.Build.0 = Debug|Any CPU
		{A85DEBCE-326F-C979-0027-E6F5A029697D}.Release|Any CPU.ActiveCfg = Release|Any CPU
		{A85DEBCE-326F-C979-0027-E6F5A029697D}.Release|Any CPU.Build.0 = Release|Any CPU
		{D627C4F5-3866-5CBA-0B6D-73F5FE064F3E}.Debug|Any CPU.ActiveCfg = Debug|Any CPU
		{D627C4F5-3866-5CBA-0B6D-73F5FE064F3E}.Debug|Any CPU.Build.0 = Debug|Any CPU
		{D627C4F5-3866-5CBA-0B6D-73F5FE064F3E}.Release|Any CPU.ActiveCfg = Release|Any CPU
		{D627C4F5-3866-5CBA-0B6D-73F5FE064F3E}.Release|Any CPU.Build.0 = Release|Any CPU
		{EE4A4FA7-14D4-82DE-A8BD-77FD929A49F9}.Debug|Any CPU.ActiveCfg = Debug|Any CPU
		{EE4A4FA7-14D4-82DE-A8BD-77FD929A49F9}.Debug|Any CPU.Build.0 = Debug|Any CPU
		{EE4A4FA7-14D4-82DE-A8BD-77FD929A49F9}.Release|Any CPU.ActiveCfg = Release|Any CPU
		{EE4A4FA7-14D4-82DE-A8BD-77FD929A49F9}.Release|Any CPU.Build.0 = Release|Any CPU
		{DCFF8855-8D35-7D07-D83E-04E0FA35AA0E}.Debug|Any CPU.ActiveCfg = Debug|Any CPU
		{DCFF8855-8D35-7D07-D83E-04E0FA35AA0E}.Debug|Any CPU.Build.0 = Debug|Any CPU
		{DCFF8855-8D35-7D07-D83E-04E0FA35AA0E}.Release|Any CPU.ActiveCfg = Release|Any CPU
		{DCFF8855-8D35-7D07-D83E-04E0FA35AA0E}.Release|Any CPU.Build.0 = Release|Any CPU
		{907833E2-F389-D9C2-3DDC-E9BB924150E4}.Debug|Any CPU.ActiveCfg = Debug|Any CPU
		{907833E2-F389-D9C2-3DDC-E9BB924150E4}.Debug|Any CPU.Build.0 = Debug|Any CPU
		{907833E2-F389-D9C2-3DDC-E9BB924150E4}.Release|Any CPU.ActiveCfg = Release|Any CPU
		{907833E2-F389-D9C2-3DDC-E9BB924150E4}.Release|Any CPU.Build.0 = Release|Any CPU
		{FD4A65F0-183F-9B01-6FDD-D96D34E458E6}.Debug|Any CPU.ActiveCfg = Debug|Any CPU
		{FD4A65F0-183F-9B01-6FDD-D96D34E458E6}.Debug|Any CPU.Build.0 = Debug|Any CPU
		{FD4A65F0-183F-9B01-6FDD-D96D34E458E6}.Release|Any CPU.ActiveCfg = Release|Any CPU
		{FD4A65F0-183F-9B01-6FDD-D96D34E458E6}.Release|Any CPU.Build.0 = Release|Any CPU
		{F7E5B123-CE46-8AD3-97FB-BCAD9FAB251B}.Debug|Any CPU.ActiveCfg = Debug|Any CPU
		{F7E5B123-CE46-8AD3-97FB-BCAD9FAB251B}.Debug|Any CPU.Build.0 = Debug|Any CPU
		{F7E5B123-CE46-8AD3-97FB-BCAD9FAB251B}.Release|Any CPU.ActiveCfg = Release|Any CPU
		{F7E5B123-CE46-8AD3-97FB-BCAD9FAB251B}.Release|Any CPU.Build.0 = Release|Any CPU
		{3C7884D4-3E27-328E-AAE4-5BD8F0711E10}.Debug|Any CPU.ActiveCfg = Debug|Any CPU
		{3C7884D4-3E27-328E-AAE4-5BD8F0711E10}.Debug|Any CPU.Build.0 = Debug|Any CPU
		{3C7884D4-3E27-328E-AAE4-5BD8F0711E10}.Release|Any CPU.ActiveCfg = Release|Any CPU
		{3C7884D4-3E27-328E-AAE4-5BD8F0711E10}.Release|Any CPU.Build.0 = Release|Any CPU
		{662EBF29-43E5-D16D-CEC5-D2B8519254B4}.Debug|Any CPU.ActiveCfg = Debug|Any CPU
		{662EBF29-43E5-D16D-CEC5-D2B8519254B4}.Debug|Any CPU.Build.0 = Debug|Any CPU
		{662EBF29-43E5-D16D-CEC5-D2B8519254B4}.Release|Any CPU.ActiveCfg = Release|Any CPU
		{662EBF29-43E5-D16D-CEC5-D2B8519254B4}.Release|Any CPU.Build.0 = Release|Any CPU
		{A32F4785-6FC0-EAD0-356F-489BB8B77979}.Debug|Any CPU.ActiveCfg = Debug|Any CPU
		{A32F4785-6FC0-EAD0-356F-489BB8B77979}.Debug|Any CPU.Build.0 = Debug|Any CPU
		{A32F4785-6FC0-EAD0-356F-489BB8B77979}.Release|Any CPU.ActiveCfg = Release|Any CPU
		{A32F4785-6FC0-EAD0-356F-489BB8B77979}.Release|Any CPU.Build.0 = Release|Any CPU
		{0CDD72AD-2405-5B7F-565A-F10A0A722E52}.Debug|Any CPU.ActiveCfg = Debug|Any CPU
		{0CDD72AD-2405-5B7F-565A-F10A0A722E52}.Debug|Any CPU.Build.0 = Debug|Any CPU
		{0CDD72AD-2405-5B7F-565A-F10A0A722E52}.Release|Any CPU.ActiveCfg = Release|Any CPU
		{0CDD72AD-2405-5B7F-565A-F10A0A722E52}.Release|Any CPU.Build.0 = Release|Any CPU
		{2D0DFC67-1D1A-7C04-29CE-9BA9406C405C}.Debug|Any CPU.ActiveCfg = Debug|Any CPU
		{2D0DFC67-1D1A-7C04-29CE-9BA9406C405C}.Debug|Any CPU.Build.0 = Debug|Any CPU
		{2D0DFC67-1D1A-7C04-29CE-9BA9406C405C}.Release|Any CPU.ActiveCfg = Release|Any CPU
		{2D0DFC67-1D1A-7C04-29CE-9BA9406C405C}.Release|Any CPU.Build.0 = Release|Any CPU
		{644FEA27-39F5-461A-5476-016279FF0D42}.Debug|Any CPU.ActiveCfg = Debug|Any CPU
		{644FEA27-39F5-461A-5476-016279FF0D42}.Debug|Any CPU.Build.0 = Debug|Any CPU
		{644FEA27-39F5-461A-5476-016279FF0D42}.Release|Any CPU.ActiveCfg = Release|Any CPU
		{644FEA27-39F5-461A-5476-016279FF0D42}.Release|Any CPU.Build.0 = Release|Any CPU
		{361F3F5E-FE04-BEB0-329C-2C097130FA1E}.Debug|Any CPU.ActiveCfg = Debug|Any CPU
		{361F3F5E-FE04-BEB0-329C-2C097130FA1E}.Debug|Any CPU.Build.0 = Debug|Any CPU
		{361F3F5E-FE04-BEB0-329C-2C097130FA1E}.Release|Any CPU.ActiveCfg = Release|Any CPU
		{361F3F5E-FE04-BEB0-329C-2C097130FA1E}.Release|Any CPU.Build.0 = Release|Any CPU
		{4C86CFED-9D5E-D82F-DB4C-B7B4ED9313D0}.Debug|Any CPU.ActiveCfg = Debug|Any CPU
		{4C86CFED-9D5E-D82F-DB4C-B7B4ED9313D0}.Debug|Any CPU.Build.0 = Debug|Any CPU
		{4C86CFED-9D5E-D82F-DB4C-B7B4ED9313D0}.Release|Any CPU.ActiveCfg = Release|Any CPU
		{4C86CFED-9D5E-D82F-DB4C-B7B4ED9313D0}.Release|Any CPU.Build.0 = Release|Any CPU
		{2074D699-0397-6702-6E6B-567370A86D6B}.Debug|Any CPU.ActiveCfg = Debug|Any CPU
		{2074D699-0397-6702-6E6B-567370A86D6B}.Debug|Any CPU.Build.0 = Debug|Any CPU
		{2074D699-0397-6702-6E6B-567370A86D6B}.Release|Any CPU.ActiveCfg = Release|Any CPU
		{2074D699-0397-6702-6E6B-567370A86D6B}.Release|Any CPU.Build.0 = Release|Any CPU
		{E4DA004A-61A3-4C8B-FCBD-5B55D4D64A56}.Debug|Any CPU.ActiveCfg = Debug|Any CPU
		{E4DA004A-61A3-4C8B-FCBD-5B55D4D64A56}.Debug|Any CPU.Build.0 = Debug|Any CPU
		{E4DA004A-61A3-4C8B-FCBD-5B55D4D64A56}.Release|Any CPU.ActiveCfg = Release|Any CPU
		{E4DA004A-61A3-4C8B-FCBD-5B55D4D64A56}.Release|Any CPU.Build.0 = Release|Any CPU
		{BA35EDC0-C4D0-ABEB-DC52-81BEA7267448}.Debug|Any CPU.ActiveCfg = Debug|Any CPU
		{BA35EDC0-C4D0-ABEB-DC52-81BEA7267448}.Debug|Any CPU.Build.0 = Debug|Any CPU
		{BA35EDC0-C4D0-ABEB-DC52-81BEA7267448}.Release|Any CPU.ActiveCfg = Release|Any CPU
		{BA35EDC0-C4D0-ABEB-DC52-81BEA7267448}.Release|Any CPU.Build.0 = Release|Any CPU
		{2E044931-0ADE-4944-11FE-6AED11F813D9}.Debug|Any CPU.ActiveCfg = Debug|Any CPU
		{2E044931-0ADE-4944-11FE-6AED11F813D9}.Debug|Any CPU.Build.0 = Debug|Any CPU
		{2E044931-0ADE-4944-11FE-6AED11F813D9}.Release|Any CPU.ActiveCfg = Release|Any CPU
		{2E044931-0ADE-4944-11FE-6AED11F813D9}.Release|Any CPU.Build.0 = Release|Any CPU
		{FD131BD6-C073-9086-D44A-9CA14B95D8AB}.Debug|Any CPU.ActiveCfg = Debug|Any CPU
		{FD131BD6-C073-9086-D44A-9CA14B95D8AB}.Debug|Any CPU.Build.0 = Debug|Any CPU
		{FD131BD6-C073-9086-D44A-9CA14B95D8AB}.Release|Any CPU.ActiveCfg = Release|Any CPU
		{FD131BD6-C073-9086-D44A-9CA14B95D8AB}.Release|Any CPU.Build.0 = Release|Any CPU
		{B2792C62-07F5-D798-AA40-0226CF1CA428}.Debug|Any CPU.ActiveCfg = Debug|Any CPU
		{B2792C62-07F5-D798-AA40-0226CF1CA428}.Debug|Any CPU.Build.0 = Debug|Any CPU
		{B2792C62-07F5-D798-AA40-0226CF1CA428}.Release|Any CPU.ActiveCfg = Release|Any CPU
		{B2792C62-07F5-D798-AA40-0226CF1CA428}.Release|Any CPU.Build.0 = Release|Any CPU
		{8C4849D7-38A8-99C2-12CE-BFD9EBDB6438}.Debug|Any CPU.ActiveCfg = Debug|Any CPU
		{8C4849D7-38A8-99C2-12CE-BFD9EBDB6438}.Debug|Any CPU.Build.0 = Debug|Any CPU
		{8C4849D7-38A8-99C2-12CE-BFD9EBDB6438}.Release|Any CPU.ActiveCfg = Release|Any CPU
		{8C4849D7-38A8-99C2-12CE-BFD9EBDB6438}.Release|Any CPU.Build.0 = Release|Any CPU
		{03658DFD-8509-A8D7-026D-F9250B95A828}.Debug|Any CPU.ActiveCfg = Debug|Any CPU
		{03658DFD-8509-A8D7-026D-F9250B95A828}.Debug|Any CPU.Build.0 = Debug|Any CPU
		{03658DFD-8509-A8D7-026D-F9250B95A828}.Release|Any CPU.ActiveCfg = Release|Any CPU
		{03658DFD-8509-A8D7-026D-F9250B95A828}.Release|Any CPU.Build.0 = Release|Any CPU
		{EB9F72D5-F3E9-81F2-4949-17FCB998732E}.Debug|Any CPU.ActiveCfg = Debug|Any CPU
		{EB9F72D5-F3E9-81F2-4949-17FCB998732E}.Debug|Any CPU.Build.0 = Debug|Any CPU
		{EB9F72D5-F3E9-81F2-4949-17FCB998732E}.Release|Any CPU.ActiveCfg = Release|Any CPU
		{EB9F72D5-F3E9-81F2-4949-17FCB998732E}.Release|Any CPU.Build.0 = Release|Any CPU
		{DD5FE524-5934-5386-18BB-2E488DE18FC4}.Debug|Any CPU.ActiveCfg = Debug|Any CPU
		{DD5FE524-5934-5386-18BB-2E488DE18FC4}.Debug|Any CPU.Build.0 = Debug|Any CPU
		{DD5FE524-5934-5386-18BB-2E488DE18FC4}.Release|Any CPU.ActiveCfg = Release|Any CPU
		{DD5FE524-5934-5386-18BB-2E488DE18FC4}.Release|Any CPU.Build.0 = Release|Any CPU
		{DF726C3A-685B-4396-C092-D82CAAA970C9}.Debug|Any CPU.ActiveCfg = Debug|Any CPU
		{DF726C3A-685B-4396-C092-D82CAAA970C9}.Debug|Any CPU.Build.0 = Debug|Any CPU
		{DF726C3A-685B-4396-C092-D82CAAA970C9}.Release|Any CPU.ActiveCfg = Release|Any CPU
		{DF726C3A-685B-4396-C092-D82CAAA970C9}.Release|Any CPU.Build.0 = Release|Any CPU
		{EA543A3A-C24A-4667-4641-BEDB3A47ACBF}.Debug|Any CPU.ActiveCfg = Debug|Any CPU
		{EA543A3A-C24A-4667-4641-BEDB3A47ACBF}.Debug|Any CPU.Build.0 = Debug|Any CPU
		{EA543A3A-C24A-4667-4641-BEDB3A47ACBF}.Release|Any CPU.ActiveCfg = Release|Any CPU
		{EA543A3A-C24A-4667-4641-BEDB3A47ACBF}.Release|Any CPU.Build.0 = Release|Any CPU
		{82083677-608E-CAC8-608F-ADA6FA8C2FC8}.Debug|Any CPU.ActiveCfg = Debug|Any CPU
		{82083677-608E-CAC8-608F-ADA6FA8C2FC8}.Debug|Any CPU.Build.0 = Debug|Any CPU
		{82083677-608E-CAC8-608F-ADA6FA8C2FC8}.Release|Any CPU.ActiveCfg = Release|Any CPU
		{82083677-608E-CAC8-608F-ADA6FA8C2FC8}.Release|Any CPU.Build.0 = Release|Any CPU
		{3A236CBD-A339-2072-0CF6-77C48C6C44D1}.Debug|Any CPU.ActiveCfg = Debug|Any CPU
		{3A236CBD-A339-2072-0CF6-77C48C6C44D1}.Debug|Any CPU.Build.0 = Debug|Any CPU
		{3A236CBD-A339-2072-0CF6-77C48C6C44D1}.Release|Any CPU.ActiveCfg = Release|Any CPU
		{3A236CBD-A339-2072-0CF6-77C48C6C44D1}.Release|Any CPU.Build.0 = Release|Any CPU
		{AD71D698-5BA0-4194-0A8E-AA4BB6A92EAD}.Debug|Any CPU.ActiveCfg = Debug|Any CPU
		{AD71D698-5BA0-4194-0A8E-AA4BB6A92EAD}.Debug|Any CPU.Build.0 = Debug|Any CPU
		{AD71D698-5BA0-4194-0A8E-AA4BB6A92EAD}.Release|Any CPU.ActiveCfg = Release|Any CPU
		{AD71D698-5BA0-4194-0A8E-AA4BB6A92EAD}.Release|Any CPU.Build.0 = Release|Any CPU
		{96A539AB-1F3F-B9B6-334B-8DBB99113D7D}.Debug|Any CPU.ActiveCfg = Debug|Any CPU
		{96A539AB-1F3F-B9B6-334B-8DBB99113D7D}.Debug|Any CPU.Build.0 = Debug|Any CPU
		{96A539AB-1F3F-B9B6-334B-8DBB99113D7D}.Release|Any CPU.ActiveCfg = Release|Any CPU
		{96A539AB-1F3F-B9B6-334B-8DBB99113D7D}.Release|Any CPU.Build.0 = Release|Any CPU
		{76A9FCB3-C282-09F0-6E4D-B4A6F6FF01C2}.Debug|Any CPU.ActiveCfg = Debug|Any CPU
		{76A9FCB3-C282-09F0-6E4D-B4A6F6FF01C2}.Debug|Any CPU.Build.0 = Debug|Any CPU
		{76A9FCB3-C282-09F0-6E4D-B4A6F6FF01C2}.Release|Any CPU.ActiveCfg = Release|Any CPU
		{76A9FCB3-C282-09F0-6E4D-B4A6F6FF01C2}.Release|Any CPU.Build.0 = Release|Any CPU
		{49F8C95E-6D23-F01C-809E-825627A79DDD}.Debug|Any CPU.ActiveCfg = Debug|Any CPU
		{49F8C95E-6D23-F01C-809E-825627A79DDD}.Debug|Any CPU.Build.0 = Debug|Any CPU
		{49F8C95E-6D23-F01C-809E-825627A79DDD}.Release|Any CPU.ActiveCfg = Release|Any CPU
		{49F8C95E-6D23-F01C-809E-825627A79DDD}.Release|Any CPU.Build.0 = Release|Any CPU
		{1D1AAD4F-CA4F-48A3-A1C2-7BC87FD468D0}.Debug|Any CPU.ActiveCfg = Debug|Any CPU
		{1D1AAD4F-CA4F-48A3-A1C2-7BC87FD468D0}.Debug|Any CPU.Build.0 = Debug|Any CPU
		{1D1AAD4F-CA4F-48A3-A1C2-7BC87FD468D0}.Release|Any CPU.ActiveCfg = Release|Any CPU
		{1D1AAD4F-CA4F-48A3-A1C2-7BC87FD468D0}.Release|Any CPU.Build.0 = Release|Any CPU
		{EB2E2662-16CA-570D-D413-4ABA005E2BBA}.Debug|Any CPU.ActiveCfg = Debug|Any CPU
		{EB2E2662-16CA-570D-D413-4ABA005E2BBA}.Debug|Any CPU.Build.0 = Debug|Any CPU
		{EB2E2662-16CA-570D-D413-4ABA005E2BBA}.Release|Any CPU.ActiveCfg = Release|Any CPU
		{EB2E2662-16CA-570D-D413-4ABA005E2BBA}.Release|Any CPU.Build.0 = Release|Any CPU
		{1993DE2D-DEEE-64A0-0D0E-F8A37D00EDD9}.Debug|Any CPU.ActiveCfg = Debug|Any CPU
		{1993DE2D-DEEE-64A0-0D0E-F8A37D00EDD9}.Debug|Any CPU.Build.0 = Debug|Any CPU
		{1993DE2D-DEEE-64A0-0D0E-F8A37D00EDD9}.Release|Any CPU.ActiveCfg = Release|Any CPU
		{1993DE2D-DEEE-64A0-0D0E-F8A37D00EDD9}.Release|Any CPU.Build.0 = Release|Any CPU
		{4AD12452-FA5F-2D4B-FC56-66F62FD69FF8}.Debug|Any CPU.ActiveCfg = Debug|Any CPU
		{4AD12452-FA5F-2D4B-FC56-66F62FD69FF8}.Debug|Any CPU.Build.0 = Debug|Any CPU
		{4AD12452-FA5F-2D4B-FC56-66F62FD69FF8}.Release|Any CPU.ActiveCfg = Release|Any CPU
		{4AD12452-FA5F-2D4B-FC56-66F62FD69FF8}.Release|Any CPU.Build.0 = Release|Any CPU
		{EF08CF94-E030-6257-AE6C-E60CD25F6EE2}.Debug|Any CPU.ActiveCfg = Debug|Any CPU
		{EF08CF94-E030-6257-AE6C-E60CD25F6EE2}.Debug|Any CPU.Build.0 = Debug|Any CPU
		{EF08CF94-E030-6257-AE6C-E60CD25F6EE2}.Release|Any CPU.ActiveCfg = Release|Any CPU
		{EF08CF94-E030-6257-AE6C-E60CD25F6EE2}.Release|Any CPU.Build.0 = Release|Any CPU
		{44AC6C2D-F42A-42A0-EF63-D4D307772712}.Debug|Any CPU.ActiveCfg = Debug|Any CPU
		{44AC6C2D-F42A-42A0-EF63-D4D307772712}.Debug|Any CPU.Build.0 = Debug|Any CPU
		{44AC6C2D-F42A-42A0-EF63-D4D307772712}.Release|Any CPU.ActiveCfg = Release|Any CPU
		{44AC6C2D-F42A-42A0-EF63-D4D307772712}.Release|Any CPU.Build.0 = Release|Any CPU
		{AF2019A0-E655-C2B5-A281-5D998506AD85}.Debug|Any CPU.ActiveCfg = Debug|Any CPU
		{AF2019A0-E655-C2B5-A281-5D998506AD85}.Debug|Any CPU.Build.0 = Debug|Any CPU
		{AF2019A0-E655-C2B5-A281-5D998506AD85}.Release|Any CPU.ActiveCfg = Release|Any CPU
		{AF2019A0-E655-C2B5-A281-5D998506AD85}.Release|Any CPU.Build.0 = Release|Any CPU
	EndGlobalSection
	GlobalSection(SolutionProperties) = preSolution
		HideSolutionNode = FALSE
	EndGlobalSection
EndGlobal
